
Microsoft Visual Studio Solution File, Format Version 12.00
# Visual Studio Version 16
VisualStudioVersion = 16.0.31005.135
MinimumVisualStudioVersion = 10.0.40219.1
Project("{9A19103F-16F7-4668-BE54-9A1E7A4F7556}") = "Warehouse.Domain", "Warehouse.Domain\Warehouse.Domain.csproj", "{5907B78E-F428-4B7A-B8CC-CCB34F5FB2A6}"
EndProject
Project("{9A19103F-16F7-4668-BE54-9A1E7A4F7556}") = "Warehouse.Core", "Warehouse.Core\Warehouse.Core.csproj", "{A6B71373-6037-40FF-A4D7-F5CEFD0EA832}"
EndProject
Project("{9A19103F-16F7-4668-BE54-9A1E7A4F7556}") = "Warehouse.Api", "Warehouse.Api\Warehouse.Api.csproj", "{BA7F7976-E11A-4293-9F71-D49DDA2F8DDE}"
EndProject
Project("{9A19103F-16F7-4668-BE54-9A1E7A4F7556}") = "Warehouse.Api.Auth", "Warehouse.Api.Auth\Warehouse.Api.Auth.csproj", "{6288DCF4-0600-42B1-AA23-D7920EEBDF6E}"
EndProject
Project("{2150E333-8FDC-42A3-9474-1A3956D46DE8}") = "Services", "Services", "{5365AF49-9FC5-4C02-B592-DB225968A3EC}"
EndProject
Project("{9A19103F-16F7-4668-BE54-9A1E7A4F7556}") = "Warehouse.Api.Products", "Warehouse.Api.Products\Warehouse.Api.Products.csproj", "{54A93589-1C15-43C9-A1E3-C26D9AE86115}"
EndProject
Project("{9A19103F-16F7-4668-BE54-9A1E7A4F7556}") = "Warehouse.Api.Users", "Warehouse.Api.Users\Warehouse.Api.Users.csproj", "{1D66BB9F-D59C-4ECD-937E-EEAE9FE6C364}"
EndProject
Project("{9A19103F-16F7-4668-BE54-9A1E7A4F7556}") = "Warehouse.Api.Manufacturers", "Warehouse.Api.Manufacturers\Warehouse.Api.Manufacturers.csproj", "{141E0500-D9BA-44DC-AA5C-B1711E96386F}"
EndProject
Project("{FAE04EC0-301F-11D3-BF4B-00C04F79EFBC}") = "Warehouse.Api.Customers", "Warehouse.Api.Customers\Warehouse.Api.Customers.csproj", "{DB8FE063-F707-4090-B91B-A2E3F141E848}"
EndProject
Global
	GlobalSection(SolutionConfigurationPlatforms) = preSolution
		Debug|Any CPU = Debug|Any CPU
		Release|Any CPU = Release|Any CPU
	EndGlobalSection
	GlobalSection(ProjectConfigurationPlatforms) = postSolution
		{5907B78E-F428-4B7A-B8CC-CCB34F5FB2A6}.Debug|Any CPU.ActiveCfg = Debug|Any CPU
		{5907B78E-F428-4B7A-B8CC-CCB34F5FB2A6}.Debug|Any CPU.Build.0 = Debug|Any CPU
		{5907B78E-F428-4B7A-B8CC-CCB34F5FB2A6}.Release|Any CPU.ActiveCfg = Release|Any CPU
		{5907B78E-F428-4B7A-B8CC-CCB34F5FB2A6}.Release|Any CPU.Build.0 = Release|Any CPU
		{A6B71373-6037-40FF-A4D7-F5CEFD0EA832}.Debug|Any CPU.ActiveCfg = Debug|Any CPU
		{A6B71373-6037-40FF-A4D7-F5CEFD0EA832}.Debug|Any CPU.Build.0 = Debug|Any CPU
		{A6B71373-6037-40FF-A4D7-F5CEFD0EA832}.Release|Any CPU.ActiveCfg = Release|Any CPU
		{A6B71373-6037-40FF-A4D7-F5CEFD0EA832}.Release|Any CPU.Build.0 = Release|Any CPU
		{BA7F7976-E11A-4293-9F71-D49DDA2F8DDE}.Debug|Any CPU.ActiveCfg = Debug|Any CPU
		{BA7F7976-E11A-4293-9F71-D49DDA2F8DDE}.Debug|Any CPU.Build.0 = Debug|Any CPU
		{BA7F7976-E11A-4293-9F71-D49DDA2F8DDE}.Release|Any CPU.ActiveCfg = Release|Any CPU
		{BA7F7976-E11A-4293-9F71-D49DDA2F8DDE}.Release|Any CPU.Build.0 = Release|Any CPU
		{6288DCF4-0600-42B1-AA23-D7920EEBDF6E}.Debug|Any CPU.ActiveCfg = Debug|Any CPU
		{6288DCF4-0600-42B1-AA23-D7920EEBDF6E}.Debug|Any CPU.Build.0 = Debug|Any CPU
		{6288DCF4-0600-42B1-AA23-D7920EEBDF6E}.Release|Any CPU.ActiveCfg = Release|Any CPU
		{6288DCF4-0600-42B1-AA23-D7920EEBDF6E}.Release|Any CPU.Build.0 = Release|Any CPU
		{54A93589-1C15-43C9-A1E3-C26D9AE86115}.Debug|Any CPU.ActiveCfg = Debug|Any CPU
		{54A93589-1C15-43C9-A1E3-C26D9AE86115}.Debug|Any CPU.Build.0 = Debug|Any CPU
		{54A93589-1C15-43C9-A1E3-C26D9AE86115}.Release|Any CPU.ActiveCfg = Release|Any CPU
		{54A93589-1C15-43C9-A1E3-C26D9AE86115}.Release|Any CPU.Build.0 = Release|Any CPU
		{1D66BB9F-D59C-4ECD-937E-EEAE9FE6C364}.Debug|Any CPU.ActiveCfg = Debug|Any CPU
		{1D66BB9F-D59C-4ECD-937E-EEAE9FE6C364}.Debug|Any CPU.Build.0 = Debug|Any CPU
		{1D66BB9F-D59C-4ECD-937E-EEAE9FE6C364}.Release|Any CPU.ActiveCfg = Release|Any CPU
		{1D66BB9F-D59C-4ECD-937E-EEAE9FE6C364}.Release|Any CPU.Build.0 = Release|Any CPU
		{141E0500-D9BA-44DC-AA5C-B1711E96386F}.Debug|Any CPU.ActiveCfg = Debug|Any CPU
		{141E0500-D9BA-44DC-AA5C-B1711E96386F}.Debug|Any CPU.Build.0 = Debug|Any CPU
		{141E0500-D9BA-44DC-AA5C-B1711E96386F}.Release|Any CPU.ActiveCfg = Release|Any CPU
		{141E0500-D9BA-44DC-AA5C-B1711E96386F}.Release|Any CPU.Build.0 = Release|Any CPU
		{DB8FE063-F707-4090-B91B-A2E3F141E848}.Debug|Any CPU.ActiveCfg = Debug|Any CPU
		{DB8FE063-F707-4090-B91B-A2E3F141E848}.Debug|Any CPU.Build.0 = Debug|Any CPU
		{DB8FE063-F707-4090-B91B-A2E3F141E848}.Release|Any CPU.ActiveCfg = Release|Any CPU
		{DB8FE063-F707-4090-B91B-A2E3F141E848}.Release|Any CPU.Build.0 = Release|Any CPU
	EndGlobalSection
	GlobalSection(SolutionProperties) = preSolution
		HideSolutionNode = FALSE
	EndGlobalSection
	GlobalSection(NestedProjects) = preSolution
		{6288DCF4-0600-42B1-AA23-D7920EEBDF6E} = {5365AF49-9FC5-4C02-B592-DB225968A3EC}
		{54A93589-1C15-43C9-A1E3-C26D9AE86115} = {5365AF49-9FC5-4C02-B592-DB225968A3EC}
		{1D66BB9F-D59C-4ECD-937E-EEAE9FE6C364} = {5365AF49-9FC5-4C02-B592-DB225968A3EC}
		{141E0500-D9BA-44DC-AA5C-B1711E96386F} = {5365AF49-9FC5-4C02-B592-DB225968A3EC}
		{DB8FE063-F707-4090-B91B-A2E3F141E848} = {5365AF49-9FC5-4C02-B592-DB225968A3EC}
	EndGlobalSection
	GlobalSection(ExtensibilityGlobals) = postSolution
		SolutionGuid = {66354A84-070D-4BD6-8512-901556CE00F2}
	EndGlobalSection
EndGlobal
